
Microsoft Visual Studio Solution File, Format Version 12.00
# Visual Studio Version 17
VisualStudioVersion = 17.10.35013.160
MinimumVisualStudioVersion = 10.0.40219.1
Project("{FAE04EC0-301F-11D3-BF4B-00C04F79EFBC}") = "Controls In ASP", "Controls In ASP\Controls In ASP.csproj", "{49AE2FEC-9676-4048-B35C-F5006A04ACA9}"
EndProject
Global
	GlobalSection(SolutionConfigurationPlatforms) = preSolution
		Debug|Any CPU = Debug|Any CPU
		Release|Any CPU = Release|Any CPU
	EndGlobalSection
	GlobalSection(ProjectConfigurationPlatforms) = postSolution
		{49AE2FEC-9676-4048-B35C-F5006A04ACA9}.Debug|Any CPU.ActiveCfg = Debug|Any CPU
		{49AE2FEC-9676-4048-B35C-F5006A04ACA9}.Debug|Any CPU.Build.0 = Debug|Any CPU
		{49AE2FEC-9676-4048-B35C-F5006A04ACA9}.Release|Any CPU.ActiveCfg = Release|Any CPU
		{49AE2FEC-9676-4048-B35C-F5006A04ACA9}.Release|Any CPU.Build.0 = Release|Any CPU
	EndGlobalSection
	GlobalSection(SolutionProperties) = preSolution
		HideSolutionNode = FALSE
	EndGlobalSection
	GlobalSection(ExtensibilityGlobals) = postSolution
		SolutionGuid = {37392096-BCD6-4009-9B93-973FABFD89FC}
	EndGlobalSection
EndGlobal
